
Microsoft Visual Studio Solution File, Format Version 12.00
# Visual Studio 2012
Project("{FAE04EC0-301F-11D3-BF4B-00C04F79EFBC}") = "efdfgdfg", "efdfgdfg\efdfgdfg.csproj", "{A9511B52-7FE1-4724-B0AB-458D4F192B58}"
EndProject
Global
	GlobalSection(SolutionConfigurationPlatforms) = preSolution
		Debug|Any CPU = Debug|Any CPU
		Release|Any CPU = Release|Any CPU
	EndGlobalSection
	GlobalSection(ProjectConfigurationPlatforms) = postSolution
		{A9511B52-7FE1-4724-B0AB-458D4F192B58}.Debug|Any CPU.ActiveCfg = Debug|Any CPU
		{A9511B52-7FE1-4724-B0AB-458D4F192B58}.Debug|Any CPU.Build.0 = Debug|Any CPU
		{A9511B52-7FE1-4724-B0AB-458D4F192B58}.Release|Any CPU.ActiveCfg = Release|Any CPU
		{A9511B52-7FE1-4724-B0AB-458D4F192B58}.Release|Any CPU.Build.0 = Release|Any CPU
	EndGlobalSection
EndGlobal
